{
    "name": "html_basetest",
    "version": "1.1.0",
    "lockfileVersion": 2,
    "requires": true,
    "packages": {
        "": {
            "name": "html_basetest",
            "version": "1.1.0",
            "license": "MIT",
            "dependencies": {
                "html_basetest": "^1.0.5"
            }
        },
        "node_modules/html_basetest": {
            "version": "1.0.5",
            "resolved": "https://registry.npmjs.org/html_basetest/-/html_basetest-1.0.5.tgz",
            "integrity": "sha512-h3FXuIn+QdUiaaLDOxgwAToY0wjH7dOGe4dXF54fX8Re7Yf4ErD1YmH+zg/zaQnseqz9fR93NsR1LRS3COyKcA=="
        }
    },
    "dependencies": {
        "html_basetest": {
            "version": "1.0.5",
            "resolved": "https://registry.npmjs.org/html_basetest/-/html_basetest-1.0.5.tgz",
            "integrity": "sha512-h3FXuIn+QdUiaaLDOxgwAToY0wjH7dOGe4dXF54fX8Re7Yf4ErD1YmH+zg/zaQnseqz9fR93NsR1LRS3COyKcA=="
        }
    }
}
